// !$*UTF8*$!
{
	archiveVersion = 1;
	classes = {
	};
	objectVersion = 46;
	objects = {

/* Begin PBXBuildFile section */
		009EDE99187A809C009E4118 /* Foundation.framework in Frameworks */ = {isa = PBXBuildFile; fileRef = 009EDE98187A809C009E4118 /* Foundation.framework */; };
		009EDE9B187A809C009E4118 /* CoreGraphics.framework in Frameworks */ = {isa = PBXBuildFile; fileRef = 009EDE9A187A809C009E4118 /* CoreGraphics.framework */; };
		009EDE9D187A809C009E4118 /* UIKit.framework in Frameworks */ = {isa = PBXBuildFile; fileRef = 009EDE9C187A809C009E4118 /* UIKit.framework */; };
		009EDEA3187A809C009E4118 /* InfoPlist.strings in Resources */ = {isa = PBXBuildFile; fileRef = 009EDEA1187A809C009E4118 /* InfoPlist.strings */; };
		009EDEA5187A809C009E4118 /* main.m in Sources */ = {isa = PBXBuildFile; fileRef = 009EDEA4187A809C009E4118 /* main.m */; };
		009EDEA9187A809C009E4118 /* AppDelegate.m in Sources */ = {isa = PBXBuildFile; fileRef = 009EDEA8187A809C009E4118 /* AppDelegate.m */; };
		009EDEAC187A809C009E4118 /* Main.storyboard in Resources */ = {isa = PBXBuildFile; fileRef = 009EDEAA187A809C009E4118 /* Main.storyboard */; };
		009EDEAF187A809C009E4118 /* ViewController.m in Sources */ = {isa = PBXBuildFile; fileRef = 009EDEAE187A809C009E4118 /* ViewController.m */; };
		009EDEB1187A809C009E4118 /* Images.xcassets in Resources */ = {isa = PBXBuildFile; fileRef = 009EDEB0187A809C009E4118 /* Images.xcassets */; };
		009EDEB8187A809C009E4118 /* XCTest.framework in Frameworks */ = {isa = PBXBuildFile; fileRef = 009EDEB7187A809C009E4118 /* XCTest.framework */; };
		009EDEB9187A809C009E4118 /* Foundation.framework in Frameworks */ = {isa = PBXBuildFile; fileRef = 009EDE98187A809C009E4118 /* Foundation.framework */; };
		009EDEBA187A809C009E4118 /* UIKit.framework in Frameworks */ = {isa = PBXBuildFile; fileRef = 009EDE9C187A809C009E4118 /* UIKit.framework */; };
		009EDEC2187A809C009E4118 /* InfoPlist.strings in Resources */ = {isa = PBXBuildFile; fileRef = 009EDEC0187A809C009E4118 /* InfoPlist.strings */; };
		009EDEC4187A809C009E4118 /* p174TableViewTests.m in Sources */ = {isa = PBXBuildFile; fileRef = 009EDEC3187A809C009E4118 /* p174TableViewTests.m */; };
/* End PBXBuildFile section */

/* Begin PBXContainerItemProxy section */
		009EDEBB187A809C009E4118 /* PBXContainerItemProxy */ = {
			isa = PBXContainerItemProxy;
			containerPortal = 009EDE8D187A809C009E4118 /* Project object */;
			proxyType = 1;
			remoteGlobalIDString = 009EDE94187A809C009E4118;
			remoteInfo = p174TableView;
		};
/* End PBXContainerItemProxy section */

/* Begin PBXFileReference section */
		009EDE95187A809C009E4118 /* p174TableView.app */ = {isa = PBXFileReference; explicitFileType = wrapper.application; includeInIndex = 0; path = p174TableView.app; sourceTree = BUILT_PRODUCTS_DIR; };
		009EDE98187A809C009E4118 /* Foundation.framework */ = {isa = PBXFileReference; lastKnownFileType = wrapper.framework; name = Foundation.framework; path = System/Library/Frameworks/Foundation.framework; sourceTree = SDKROOT; };
		009EDE9A187A809C009E4118 /* CoreGraphics.framework */ = {isa = PBXFileReference; lastKnownFileType = wrapper.framework; name = CoreGraphics.framework; path = System/Library/Frameworks/CoreGraphics.framework; sourceTree = SDKROOT; };
		009EDE9C187A809C009E4118 /* UIKit.framework */ = {isa = PBXFileReference; lastKnownFileType = wrapper.framework; name = UIKit.framework; path = System/Library/Frameworks/UIKit.framework; sourceTree = SDKROOT; };
		009EDEA0187A809C009E4118 /* p174TableView-Info.plist */ = {isa = PBXFileReference; lastKnownFileType = text.plist.xml; path = "p174TableView-Info.plist"; sourceTree = "<group>"; };
		009EDEA2187A809C009E4118 /* en */ = {isa = PBXFileReference; lastKnownFileType = text.plist.strings; name = en; path = en.lproj/InfoPlist.strings; sourceTree = "<group>"; };
		009EDEA4187A809C009E4118 /* main.m */ = {isa = PBXFileReference; lastKnownFileType = sourcecode.c.objc; path = main.m; sourceTree = "<group>"; };
		009EDEA6187A809C009E4118 /* p174TableView-Prefix.pch */ = {isa = PBXFileReference; lastKnownFileType = sourcecode.c.h; path = "p174TableView-Prefix.pch"; sourceTree = "<group>"; };
		009EDEA7187A809C009E4118 /* AppDelegate.h */ = {isa = PBXFileReference; lastKnownFileType = sourcecode.c.h; path = AppDelegate.h; sourceTree = "<group>"; };
		009EDEA8187A809C009E4118 /* AppDelegate.m */ = {isa = PBXFileReference; lastKnownFileType = sourcecode.c.objc; path = AppDelegate.m; sourceTree = "<group>"; };
		009EDEAB187A809C009E4118 /* Base */ = {isa = PBXFileReference; lastKnownFileType = file.storyboard; name = Base; path = Base.lproj/Main.storyboard; sourceTree = "<group>"; };
		009EDEAD187A809C009E4118 /* ViewController.h */ = {isa = PBXFileReference; lastKnownFileType = sourcecode.c.h; path = ViewController.h; sourceTree = "<group>"; };
		009EDEAE187A809C009E4118 /* ViewController.m */ = {isa = PBXFileReference; lastKnownFileType = sourcecode.c.objc; path = ViewController.m; sourceTree = "<group>"; };
		009EDEB0187A809C009E4118 /* Images.xcassets */ = {isa = PBXFileReference; lastKnownFileType = folder.assetcatalog; path = Images.xcassets; sourceTree = "<group>"; };
		009EDEB6187A809C009E4118 /* p174TableViewTests.xctest */ = {isa = PBXFileReference; explicitFileType = wrapper.cfbundle; includeInIndex = 0; path = p174TableViewTests.xctest; sourceTree = BUILT_PRODUCTS_DIR; };
		009EDEB7187A809C009E4118 /* XCTest.framework */ = {isa = PBXFileReference; lastKnownFileType = wrapper.framework; name = XCTest.framework; path = Library/Frameworks/XCTest.framework; sourceTree = DEVELOPER_DIR; };
		009EDEBF187A809C009E4118 /* p174TableViewTests-Info.plist */ = {isa = PBXFileReference; lastKnownFileType = text.plist.xml; path = "p174TableViewTests-Info.plist"; sourceTree = "<group>"; };
		009EDEC1187A809C009E4118 /* en */ = {isa = PBXFileReference; lastKnownFileType = text.plist.strings; name = en; path = en.lproj/InfoPlist.strings; sourceTree = "<group>"; };
		009EDEC3187A809C009E4118 /* p174TableViewTests.m */ = {isa = PBXFileReference; lastKnownFileType = sourcecode.c.objc; path = p174TableViewTests.m; sourceTree = "<group>"; };
/* End PBXFileReference section */

/* Begin PBXFrameworksBuildPhase section */
		009EDE92187A809C009E4118 /* Frameworks */ = {
			isa = PBXFrameworksBuildPhase;
			buildActionMask = 2147483647;
			files = (
				009EDE9B187A809C009E4118 /* CoreGraphics.framework in Frameworks */,
				009EDE9D187A809C009E4118 /* UIKit.framework in Frameworks */,
				009EDE99187A809C009E4118 /* Foundation.framework in Frameworks */,
			);
			runOnlyForDeploymentPostprocessing = 0;
		};
		009EDEB3187A809C009E4118 /* Frameworks */ = {
			isa = PBXFrameworksBuildPhase;
			buildActionMask = 2147483647;
			files = (
				009EDEB8187A809C009E4118 /* XCTest.framework in Frameworks */,
				009EDEBA187A809C009E4118 /* UIKit.framework in Frameworks */,
				009EDEB9187A809C009E4118 /* Foundation.framework in Frameworks */,
			);
			runOnlyForDeploymentPostprocessing = 0;
		};
/* End PBXFrameworksBuildPhase section */

/* Begin PBXGroup section */
		009EDE8C187A809C009E4118 = {
			isa = PBXGroup;
			children = (
				009EDE9E187A809C009E4118 /* p174TableView */,
				009EDEBD187A809C009E4118 /* p174TableViewTests */,
				009EDE97187A809C009E4118 /* Frameworks */,
				009EDE96187A809C009E4118 /* Products */,
			);
			sourceTree = "<group>";
		};
		009EDE96187A809C009E4118 /* Products */ = {
			isa = PBXGroup;
			children = (
				009EDE95187A809C009E4118 /* p174TableView.app */,
				009EDEB6187A809C009E4118 /* p174TableViewTests.xctest */,
			);
			name = Products;
			sourceTree = "<group>";
		};
		009EDE97187A809C009E4118 /* Frameworks */ = {
			isa = PBXGroup;
			children = (
				009EDE98187A809C009E4118 /* Foundation.framework */,
				009EDE9A187A809C009E4118 /* CoreGraphics.framework */,
				009EDE9C187A809C009E4118 /* UIKit.framework */,
				009EDEB7187A809C009E4118 /* XCTest.framework */,
			);
			name = Frameworks;
			sourceTree = "<group>";
		};
		009EDE9E187A809C009E4118 /* p174TableView */ = {
			isa = PBXGroup;
			children = (
				009EDEA7187A809C009E4118 /* AppDelegate.h */,
				009EDEA8187A809C009E4118 /* AppDelegate.m */,
				009EDEAA187A809C009E4118 /* Main.storyboard */,
				009EDEAD187A809C009E4118 /* ViewController.h */,
				009EDEAE187A809C009E4118 /* ViewController.m */,
				009EDEB0187A809C009E4118 /* Images.xcassets */,
				009EDE9F187A809C009E4118 /* Supporting Files */,
			);
			path = p174TableView;
			sourceTree = "<group>";
		};
		009EDE9F187A809C009E4118 /* Supporting Files */ = {
			isa = PBXGroup;
			children = (
				009EDEA0187A809C009E4118 /* p174TableView-Info.plist */,
				009EDEA1187A809C009E4118 /* InfoPlist.strings */,
				009EDEA4187A809C009E4118 /* main.m */,
				009EDEA6187A809C009E4118 /* p174TableView-Prefix.pch */,
			);
			name = "Supporting Files";
			sourceTree = "<group>";
		};
		009EDEBD187A809C009E4118 /* p174TableViewTests */ = {
			isa = PBXGroup;
			children = (
				009EDEC3187A809C009E4118 /* p174TableViewTests.m */,
				009EDEBE187A809C009E4118 /* Supporting Files */,
			);
			path = p174TableViewTests;
			sourceTree = "<group>";
		};
		009EDEBE187A809C009E4118 /* Supporting Files */ = {
			isa = PBXGroup;
			children = (
				009EDEBF187A809C009E4118 /* p174TableViewTests-Info.plist */,
				009EDEC0187A809C009E4118 /* InfoPlist.strings */,
			);
			name = "Supporting Files";
			sourceTree = "<group>";
		};
/* End PBXGroup section */

/* Begin PBXNativeTarget section */
		009EDE94187A809C009E4118 /* p174TableView */ = {
			isa = PBXNativeTarget;
			buildConfigurationList = 009EDEC7187A809C009E4118 /* Build configuration list for PBXNativeTarget "p174TableView" */;
			buildPhases = (
				009EDE91187A809C009E4118 /* Sources */,
				009EDE92187A809C009E4118 /* Frameworks */,
				009EDE93187A809C009E4118 /* Resources */,
			);
			buildRules = (
			);
			dependencies = (
			);
			name = p174TableView;
			productName = p174TableView;
			productReference = 009EDE95187A809C009E4118 /* p174TableView.app */;
			productType = "com.apple.product-type.application";
		};
		009EDEB5187A809C009E4118 /* p174TableViewTests */ = {
			isa = PBXNativeTarget;
			buildConfigurationList = 009EDECA187A809C009E4118 /* Build configuration list for PBXNativeTarget "p174TableViewTests" */;
			buildPhases = (
				009EDEB2187A809C009E4118 /* Sources */,
				009EDEB3187A809C009E4118 /* Frameworks */,
				009EDEB4187A809C009E4118 /* Resources */,
			);
			buildRules = (
			);
			dependencies = (
				009EDEBC187A809C009E4118 /* PBXTargetDependency */,
			);
			name = p174TableViewTests;
			productName = p174TableViewTests;
			productReference = 009EDEB6187A809C009E4118 /* p174TableViewTests.xctest */;
			productType = "com.apple.product-type.bundle.unit-test";
		};
/* End PBXNativeTarget section */

/* Begin PBXProject section */
		009EDE8D187A809C009E4118 /* Project object */ = {
			isa = PBXProject;
			attributes = {
				LastUpgradeCheck = 0500;
				ORGANIZATIONNAME = "SDT-1";
				TargetAttributes = {
					009EDEB5187A809C009E4118 = {
						TestTargetID = 009EDE94187A809C009E4118;
					};
				};
			};
			buildConfigurationList = 009EDE90187A809C009E4118 /* Build configuration list for PBXProject "p174TableView" */;
			compatibilityVersion = "Xcode 3.2";
			developmentRegion = English;
			hasScannedForEncodings = 0;
			knownRegions = (
				en,
				Base,
			);
			mainGroup = 009EDE8C187A809C009E4118;
			productRefGroup = 009EDE96187A809C009E4118 /* Products */;
			projectDirPath = "";
			projectRoot = "";
			targets = (
				009EDE94187A809C009E4118 /* p174TableView */,
				009EDEB5187A809C009E4118 /* p174TableViewTests */,
			);
		};
/* End PBXProject section */

/* Begin PBXResourcesBuildPhase section */
		009EDE93187A809C009E4118 /* Resources */ = {
			isa = PBXResourcesBuildPhase;
			buildActionMask = 2147483647;
			files = (
				009EDEB1187A809C009E4118 /* Images.xcassets in Resources */,
				009EDEA3187A809C009E4118 /* InfoPlist.strings in Resources */,
				009EDEAC187A809C009E4118 /* Main.storyboard in Resources */,
			);
			runOnlyForDeploymentPostprocessing = 0;
		};
		009EDEB4187A809C009E4118 /* Resources */ = {
			isa = PBXResourcesBuildPhase;
			buildActionMask = 2147483647;
			files = (
				009EDEC2187A809C009E4118 /* InfoPlist.strings in Resources */,
			);
			runOnlyForDeploymentPostprocessing = 0;
		};
/* End PBXResourcesBuildPhase section */

/* Begin PBXSourcesBuildPhase section */
		009EDE91187A809C009E4118 /* Sources */ = {
			isa = PBXSourcesBuildPhase;
			buildActionMask = 2147483647;
			files = (
				009EDEAF187A809C009E4118 /* ViewController.m in Sources */,
				009EDEA9187A809C009E4118 /* AppDelegate.m in Sources */,
				009EDEA5187A809C009E4118 /* main.m in Sources */,
			);
			runOnlyForDeploymentPostprocessing = 0;
		};
		009EDEB2187A809C009E4118 /* Sources */ = {
			isa = PBXSourcesBuildPhase;
			buildActionMask = 2147483647;
			files = (
				009EDEC4187A809C009E4118 /* p174TableViewTests.m in Sources */,
			);
			runOnlyForDeploymentPostprocessing = 0;
		};
/* End PBXSourcesBuildPhase section */

/* Begin PBXTargetDependency section */
		009EDEBC187A809C009E4118 /* PBXTargetDependency */ = {
			isa = PBXTargetDependency;
			target = 009EDE94187A809C009E4118 /* p174TableView */;
			targetProxy = 009EDEBB187A809C009E4118 /* PBXContainerItemProxy */;
		};
/* End PBXTargetDependency section */

/* Begin PBXVariantGroup section */
		009EDEA1187A809C009E4118 /* InfoPlist.strings */ = {
			isa = PBXVariantGroup;
			children = (
				009EDEA2187A809C009E4118 /* en */,
			);
			name = InfoPlist.strings;
			sourceTree = "<group>";
		};
		009EDEAA187A809C009E4118 /* Main.storyboard */ = {
			isa = PBXVariantGroup;
			children = (
				009EDEAB187A809C009E4118 /* Base */,
			);
			name = Main.storyboard;
			sourceTree = "<group>";
		};
		009EDEC0187A809C009E4118 /* InfoPlist.strings */ = {
			isa = PBXVariantGroup;
			children = (
				009EDEC1187A809C009E4118 /* en */,
			);
			name = InfoPlist.strings;
			sourceTree = "<group>";
		};
/* End PBXVariantGroup section */

/* Begin XCBuildConfiguration section */
		009EDEC5187A809C009E4118 /* Debug */ = {
			isa = XCBuildConfiguration;
			buildSettings = {
				ALWAYS_SEARCH_USER_PATHS = NO;
				ARCHS = "$(ARCHS_STANDARD_INCLUDING_64_BIT)";
				CLANG_CXX_LANGUAGE_STANDARD = "gnu++0x";
				CLANG_CXX_LIBRARY = "libc++";
				CLANG_ENABLE_MODULES = YES;
				CLANG_ENABLE_OBJC_ARC = YES;
				CLANG_WARN_BOOL_CONVERSION = YES;
				CLANG_WARN_CONSTANT_CONVERSION = YES;
				CLANG_WARN_DIRECT_OBJC_ISA_USAGE = YES_ERROR;
				CLANG_WARN_EMPTY_BODY = YES;
				CLANG_WARN_ENUM_CONVERSION = YES;
				CLANG_WARN_INT_CONVERSION = YES;
				CLANG_WARN_OBJC_ROOT_CLASS = YES_ERROR;
				CLANG_WARN__DUPLICATE_METHOD_MATCH = YES;
				"CODE_SIGN_IDENTITY[sdk=iphoneos*]" = "iPhone Developer";
				COPY_PHASE_STRIP = NO;
				GCC_C_LANGUAGE_STANDARD = gnu99;
				GCC_DYNAMIC_NO_PIC = NO;
				GCC_OPTIMIZATION_LEVEL = 0;
				GCC_PREPROCESSOR_DEFINITIONS = (
					"DEBUG=1",
					"$(inherited)",
				);
				GCC_SYMBOLS_PRIVATE_EXTERN = NO;
				GCC_WARN_64_TO_32_BIT_CONVERSION = YES;
				GCC_WARN_ABOUT_RETURN_TYPE = YES_ERROR;
				GCC_WARN_UNDECLARED_SELECTOR = YES;
				GCC_WARN_UNINITIALIZED_AUTOS = YES;
				GCC_WARN_UNUSED_FUNCTION = YES;
				GCC_WARN_UNUSED_VARIABLE = YES;
				IPHONEOS_DEPLOYMENT_TARGET = 7.0;
				ONLY_ACTIVE_ARCH = YES;
				SDKROOT = iphoneos;
			};
			name = Debug;
		};
		009EDEC6187A809C009E4118 /* Release */ = {
			isa = XCBuildConfiguration;
			buildSettings = {
				ALWAYS_SEARCH_USER_PATHS = NO;
				ARCHS = "$(ARCHS_STANDARD_INCLUDING_64_BIT)";
				CLANG_CXX_LANGUAGE_STANDARD = "gnu++0x";
				CLANG_CXX_LIBRARY = "libc++";
				CLANG_ENABLE_MODULES = YES;
				CLANG_ENABLE_OBJC_ARC = YES;
				CLANG_WARN_BOOL_CONVERSION = YES;
				CLANG_WARN_CONSTANT_CONVERSION = YES;
				CLANG_WARN_DIRECT_OBJC_ISA_USAGE = YES_ERROR;
				CLANG_WARN_EMPTY_BODY = YES;
				CLANG_WARN_ENUM_CONVERSION = YES;
				CLANG_WARN_INT_CONVERSION = YES;
				CLANG_WARN_OBJC_ROOT_CLASS = YES_ERROR;
				CLANG_WARN__DUPLICATE_METHOD_MATCH = YES;
				"CODE_SIGN_IDENTITY[sdk=iphoneos*]" = "iPhone Developer";
				COPY_PHASE_STRIP = YES;
				ENABLE_NS_ASSERTIONS = NO;
				GCC_C_LANGUAGE_STANDARD = gnu99;
				GCC_WARN_64_TO_32_BIT_CONVERSION = YES;
				GCC_WARN_ABOUT_RETURN_TYPE = YES_ERROR;
				GCC_WARN_UNDECLARED_SELECTOR = YES;
				GCC_WARN_UNINITIALIZED_AUTOS = YES;
				GCC_WARN_UNUSED_FUNCTION = YES;
				GCC_WARN_UNUSED_VARIABLE = YES;
				IPHONEOS_DEPLOYMENT_TARGET = 7.0;
				SDKROOT = iphoneos;
				VALIDATE_PRODUCT = YES;
			};
			name = Release;
		};
		009EDEC8187A809C009E4118 /* Debug */ = {
			isa = XCBuildConfiguration;
			buildSettings = {
				ASSETCATALOG_COMPILER_APPICON_NAME = AppIcon;
				ASSETCATALOG_COMPILER_LAUNCHIMAGE_NAME = LaunchImage;
				GCC_PRECOMPILE_PREFIX_HEADER = YES;
				GCC_PREFIX_HEADER = "p174TableView/p174TableView-Prefix.pch";
				INFOPLIST_FILE = "p174TableView/p174TableView-Info.plist";
				PRODUCT_NAME = "$(TARGET_NAME)";
				WRAPPER_EXTENSION = app;
			};
			name = Debug;
		};
		009EDEC9187A809C009E4118 /* Release */ = {
			isa = XCBuildConfiguration;
			buildSettings = {
				ASSETCATALOG_COMPILER_APPICON_NAME = AppIcon;
				ASSETCATALOG_COMPILER_LAUNCHIMAGE_NAME = LaunchImage;
				GCC_PRECOMPILE_PREFIX_HEADER = YES;
				GCC_PREFIX_HEADER = "p174TableView/p174TableView-Prefix.pch";
				INFOPLIST_FILE = "p174TableView/p174TableView-Info.plist";
				PRODUCT_NAME = "$(TARGET_NAME)";
				WRAPPER_EXTENSION = app;
			};
			name = Release;
		};
		009EDECB187A809C009E4118 /* Debug */ = {
			isa = XCBuildConfiguration;
			buildSettings = {
				ARCHS = "$(ARCHS_STANDARD_INCLUDING_64_BIT)";
				BUNDLE_LOADER = "$(BUILT_PRODUCTS_DIR)/p174TableView.app/p174TableView";
				FRAMEWORK_SEARCH_PATHS = (
					"$(SDKROOT)/Developer/Library/Frameworks",
					"$(inherited)",
					"$(DEVELOPER_FRAMEWORKS_DIR)",
				);
				GCC_PRECOMPILE_PREFIX_HEADER = YES;
				GCC_PREFIX_HEADER = "p174TableView/p174TableView-Prefix.pch";
				GCC_PREPROCESSOR_DEFINITIONS = (
					"DEBUG=1",
					"$(inherited)",
				);
				INFOPLIST_FILE = "p174TableViewTests/p174TableViewTests-Info.plist";
				PRODUCT_NAME = "$(TARGET_NAME)";
				TEST_HOST = "$(BUNDLE_LOADER)";
				WRAPPER_EXTENSION = xctest;
			};
			name = Debug;
		};
		009EDECC187A809C009E4118 /* Release */ = {
			isa = XCBuildConfiguration;
			buildSettings = {
				ARCHS = "$(ARCHS_STANDARD_INCLUDING_64_BIT)";
				BUNDLE_LOADER = "$(BUILT_PRODUCTS_DIR)/p174TableView.app/p174TableView";
				FRAMEWORK_SEARCH_PATHS = (
					"$(SDKROOT)/Developer/Library/Frameworks",
					"$(inherited)",
					"$(DEVELOPER_FRAMEWORKS_DIR)",
				);
				GCC_PRECOMPILE_PREFIX_HEADER = YES;
				GCC_PREFIX_HEADER = "p174TableView/p174TableView-Prefix.pch";
				INFOPLIST_FILE = "p174TableViewTests/p174TableViewTests-Info.plist";
				PRODUCT_NAME = "$(TARGET_NAME)";
				TEST_HOST = "$(BUNDLE_LOADER)";
				WRAPPER_EXTENSION = xctest;
			};
			name = Release;
		};
/* End XCBuildConfiguration section */

/* Begin XCConfigurationList section */
		009EDE90187A809C009E4118 /* Build configuration list for PBXProject "p174TableView" */ = {
			isa = XCConfigurationList;
			buildConfigurations = (
				009EDEC5187A809C009E4118 /* Debug */,
				009EDEC6187A809C009E4118 /* Release */,
			);
			defaultConfigurationIsVisible = 0;
			defaultConfigurationName = Release;
		};
		009EDEC7187A809C009E4118 /* Build configuration list for PBXNativeTarget "p174TableView" */ = {
			isa = XCConfigurationList;
			buildConfigurations = (
				009EDEC8187A809C009E4118 /* Debug */,
				009EDEC9187A809C009E4118 /* Release */,
			);
			defaultConfigurationIsVisible = 0;
		};
		009EDECA187A809C009E4118 /* Build configuration list for PBXNativeTarget "p174TableViewTests" */ = {
			isa = XCConfigurationList;
			buildConfigurations = (
				009EDECB187A809C009E4118 /* Debug */,
				009EDECC187A809C009E4118 /* Release */,
			);
			defaultConfigurationIsVisible = 0;
		};
/* End XCConfigurationList section */
	};
	rootObject = 009EDE8D187A809C009E4118 /* Project object */;
}
